{
  "lockfile_version": "1",
  "packages": {
    "elan@4.2.4": {
      "last_modified": "2026-10-02T22:55:44Z",
      "resolved": "github:NixOS/nixpkgs/55ba7f49ef2962b42cbd126522b7df5f95037679#elan",
      "source": "devbox-search",
      "version": "4.2.4",
      "systems": {
        "aarch64-darwin": {
          "outputs": [
            {
              "name": "out",
              "path": "/nix/store/mk30cdwbd0h76lnm57lm3f9wcq4ds6s5-elan-4.2.4",
              "default": true
            }
          ],
          "store_path": "/nix/store/mk30cdwbd0h76lnm57lm3f9wcq4ds6s5-elan-4.2.4"
        },
        "aarch64-linux": {
          "outputs": [
            {
              "name": "out",
              "path": "/nix/store/y6fbkarixhpfam1cjr80n2rf1md5wl73-elan-4.2.4",
              "default": true
            }
          ],
          "store_path": "/nix/store/y6fbkarixhpfam1cjr80n2rf1md5wl73-elan-4.2.4"
        },
        "x86_64-linux": {
          "outputs": [
            {
              "name": "out",
              "path": "/nix/store/5wjfa50l5yrgxy5a9fkkxpz575bnlkj8-elan-4.2.4",
              "default": true
            }
          ],
          "store_path": "/nix/store/5wjfa50l5yrgxy5a9fkkxpz575bnlkj8-elan-4.2.4"
        }
      }
    },
    "github:NixOS/nixpkgs/nixpkgs-unstable": {
      "last_modified": "2026-10-03T07:08:11Z",
      "resolved": "github:NixOS/nixpkgs/73e728ddb6b7a12d18808f510813a13ee1fe4cce?lastModified=1791011291&narHash=sha256-V6OBJccNKBo%2FktknxlJXZChPoI0NE2lembArBO3CE9k%3D"
    },
    "nodejs@22": {
      "last_modified": "2026-10-02T22:55:44Z",
      "plugin_version": "0.0.5",
      "resolved": "github:NixOS/nixpkgs/55ba7f49ef2962b42cbd126522b7df5f95037679#nodejs_22",
      "source": "devbox-search",
      "version": "22.23.3",
      "systems": {
        "aarch64-darwin": {
          "outputs": [
            {
              "name": "out",
              "path": "/nix/store/31a8g9hg40fh1gs7241pyszrq8a4bajb-nodejs-22.23.3",
              "default": true
            }
          ],
          "store_path": "/nix/store/31a8g9hg40fh1gs7241pyszrq8a4bajb-nodejs-22.23.3"
        },
        "aarch64-linux": {
          "outputs": [
            {
              "name": "out",
              "path": "/nix/store/1nzpiv2idya913acb1wd1ydxvd2dw0pz-nodejs-22.23.3",
              "default": true
            }
          ],
          "store_path": "/nix/store/1nzpiv2idya913acb1wd1ydxvd2dw0pz-nodejs-22.23.3"
        },
        "x86_64-linux": {
          "outputs": [
            {
              "name": "out",
              "path": "/nix/store/qshvhyv92g772jjsm2zrgzxc4ai4iqfx-nodejs-22.23.3",
              "default": true
            }
          ],
          "store_path": "/nix/store/qshvhyv92g772jjsm2zrgzxc4ai4iqfx-nodejs-22.23.3"
        }
      }
    }
  }
}
