{"version":
 1,
 "specs":
 [{"specPath":
   "./specs/build.spec.json",
   "criteria":
   [{"description":
     "All tests pass",
     "artifacts":
     [{"path":
       "Tests/Cli.lean",
       "hash":
       "23bf0d2bb5c2e55d261b4d4e51744e7e78019bb130f894f569d6060b888e7d93"},
      {"path":
       "Tests/ContractLock.lean",
       "hash":
       "56c8c798ee959c8796f886792bcddfccc310ba7a702f87d732b571e30c1e3f19"},
      {"path":
       "Tests/Ignore.lean",
       "hash":
       "b914e5dfae2a624cc3745d2963670f0486b0f97c9c4d55c4d6324baecbd22e84"},
      {"path":
       "Tests/Integration.lean",
       "hash":
       "241c3a1a9a2daac1ee654aca2baec689b8036e472efee06914db012ba850f6fe"},
      {"path":
       "Tests/Main.lean",
       "hash":
       "d2ac8b1486c2cfcdc59e29cfc9937795212209594c913f350747b69b8990f5f0"},
      {"path":
       "Tests/Parser.lean",
       "hash":
       "e8dc5c5ef0e3fdd31cfc9268b9ab1ff0aff7f6fa58aa95e250c27ef93524ec63"},
      {"path":
       "Tests/TomlParser.lean",
       "hash":
       "883a6bba1a5c297350d677fca8c9d3b6136f4d527c1004de6d4406e6a95059f7"},
      {"path":
       "Tests/TomlSerializer.lean",
       "hash":
       "24023ab53bcdf152cccf3d2dfe0a9b02e81bede9b9f159ed90107fe9a399c443"},
      {"path":
       "Tests/Types.lean",
       "hash":
       "3b310c9a28d3c32b6d651a35a2687f65d7f97448f844a5aa602a6a37b566f2fb"},
      {"path":
       "Tests/Verifier.lean",
       "hash":
       "b8fc7e6a1f1cc16aacf98a4805a4aecc2e82ad0ca4f4455dce06b154f6ed2f1d"}]}]},
  {"specPath":
   "./specs/cli.spec.toml",
   "criteria":
   [{"description":
     "Result space is a complete partition: every result is exactly one variant, predicates agree",
     "artifacts":
     [{"path":
       "theorem:Qed.Proofs.TypeProperties.result_complete_partition",
       "hash":
       "a6e1db808930f8df259271d1b7e669fe3af7028ca82d25d93e1dee1931563b7b"}]},
    {"description":
     "Pass/fail decision is correct: allExecutionsPassed returns true iff no execution is .fail",
     "artifacts":
     [{"path":
       "theorem:Qed.Proofs.OutputCorrectness.allExecutionsPassed_iff_no_failures",
       "hash":
       "94c5c95b4d249159ff169a0a3c90fc4fdd497849e849861613c819b0c3bcc53e"}]},
    {"description":
     "Verify-mode JSON output always contains 'spec', 'passed', and 'criteria' fields",
     "artifacts":
     [{"path":
       "theorem:Qed.Proofs.OutputCorrectness.executionsToJson_has_required_fields",
       "hash":
       "6eb82e830afbaa5dfb3877ec57725ba0bda49f2b5b42567035ff7a92aaddf86c"}]},
    {"description":
     "Worker-loop JSON output always contains 'spec', 'state', 'passed', and 'criteria' fields",
     "artifacts":
     [{"path":
       "theorem:Qed.Proofs.OutputCorrectness.workerExecutionsToJson_has_required_fields",
       "hash":
       "129961d7789d9df060403b16253e3b5c6e1bc0b89e0da0d624bf00df548eba01"}]}]},
  {"specPath":
   "./specs/state-machine.spec.toml",
   "criteria":
   [{"description":
     "The ready state always advances — transitions to workerRunning(1) or integrityViolation",
     "artifacts":
     [{"path":
       "theorem:Qed.Proofs.Invariants.ready_always_advances",
       "hash":
       "8950bd305d92df5fd17ea88252c383454d6d6103d7a7aa66612ffb47fe23f225"}]},
    {"description":
     "Terminal states are absorbing — transitioning from a terminal state always returns the same state unchanged",
     "artifacts":
     [{"path":
       "theorem:Qed.Proofs.FinalStates.terminal_absorbing",
       "hash":
       "e9d8bfc79ad3fb8e8f55d28beb60aae11e29fc63cf34b84723a4bb75bc2e1bb0"}]},
    {"description":
     "Worker must pass through verification before reaching any terminal success state",
     "artifacts":
     [{"path":
       "theorem:Qed.Proofs.NoSkip.no_skip_verification",
       "hash":
       "bba355a72584f970f8c4ad43ff3c3d7ec1cf96267f9aebbdaa84f0a67cff5488"}]},
    {"description":
     "Iteration count never exceeds maxIterations — the configured bound is respected",
     "artifacts":
     [{"path":
       "theorem:Qed.Proofs.Invariants.iteration_bounded",
       "hash":
       "899adb87bbfd56d256258cb616f6893be5110648c7ce2d243328d86f6f20c9a1"}]},
    {"description":
     "Every non-terminal transition either terminates, self-loops, or follows one of three advance patterns (ready→working, working→verifying, verifying→next iteration)",
     "artifacts":
     [{"path":
       "theorem:Qed.Proofs.Invariants.lifecycle_ordering",
       "hash":
       "ce6ec4753b6634f44c01c411565a14c8bccfc01a4ccaf8aa05c1fbe464ebc48a"}]},
    {"description":
     "Iteration count never decreases across transitions",
     "artifacts":
     [{"path":
       "theorem:Qed.Proofs.Monotonic.iteration_monotonic",
       "hash":
       "a0884f81530961aaa36ffd3f711c22b4e8a8d26b3e4fee6774b9cad270d34bd8"}]},
    {"description":
     "State lifecycle phase (initial → working → terminal) never decreases",
     "artifacts":
     [{"path":
       "theorem:Qed.Proofs.Invariants.phase_monotonic",
       "hash":
       "2ed2b13e6023d649ef1296510d77f194d82a13d69e08d3c243558825b84f8a1f"}]},
    {"description":
     "The loop always reaches a terminal state within maxIterations transitions",
     "artifacts":
     [{"path":
       "theorem:Qed.Proofs.Termination.loop_terminates",
       "hash":
       "8ed1416051c33019c5f24b04407f179df3d9c49af7b58fbb403287d503c7c47b"}]},
    {"description":
     "Every state-changing non-terminal transition either terminates or strictly increases the progress measure",
     "artifacts":
     [{"path":
       "theorem:Qed.Proofs.Termination.progress_or_terminal",
       "hash":
       "bfe70dbf012caa17be4cef44d0af330965871bd70aeb0f7a091efa7828fcd855"}]},
    {"description":
     "Stuck detection fires iff the same failures repeat for stuckThreshold consecutive iterations",
     "artifacts":
     [{"path":
       "theorem:Qed.Proofs.StuckDetection.stuck_iff_threshold",
       "hash":
       "6ab92eded0d98fc067dc4e5105729ff7d916866e4bbc04f01016afb23ee490a0"}]},
    {"description":
     "The initial state (ready) is never revisited after leaving it",
     "artifacts":
     [{"path":
       "theorem:Qed.Proofs.Invariants.ready_unreachable",
       "hash":
       "52ec20533331f53e02e5ae3f5e1178445ebecb5c44de634d95de1fe75866ba1c"}]},
    {"description":
     "Integrity violation from any non-terminal state always produces terminal integrityViolation",
     "artifacts":
     [{"path":
       "theorem:Qed.Proofs.IntegrityEvents.integrity_violation_terminal",
       "hash":
       "67eba8d6bd9127bd11098fe5fe895e8d97f2ea73c8e4f4cde8cd7d10fa37c63b"}]},
    {"description":
     "Integrity violation from a non-terminal state can never produce passed — violated results are never accepted",
     "artifacts":
     [{"path":
       "theorem:Qed.Proofs.IntegrityEvents.integrity_violation_not_passed",
       "hash":
       "d57e23d56d631f0fcd94c8596281f9e93b59421f3371ac9e22ece4cc70095886"}]}]},
  {"specPath":
   "./specs/parser.spec.toml",
   "criteria":
   [{"description":
     "Schedule parser accepts exactly the three valid strings and rejects everything else",
     "artifacts":
     [{"path":
       "theorem:Qed.Proofs.ParserProperties.parseSchedule_iff",
       "hash":
       "4021dc1cfc2a6c9afe1da7aacc551fd2f3a671b6f4df2e0f74966a862a556da0"}]},
    {"description":
     "Serializer→parser roundtrip: parsing serialized JSON recovers the original spec exactly",
     "artifacts":
     [{"path":
       "theorem:Qed.Proofs.Roundtrip.spec_roundtrip",
       "hash":
       "b9321515ec593b0dfc7ff4e5d09a9c474d7b680fd2a7c3d196f123ef1957b7ef"}]},
    {"description":
     "Successful TOML→JSON conversion implies the input was valid TOML",
     "artifacts":
     [{"path":
       "theorem:Qed.Proofs.TomlJsonValidity.tomlToJson_ok_implies_parseDoc_ok",
       "hash":
       "201cc8dda4fc08d445d1c97ee4720c33abf0bfd9cd0f32fa078c5a97ea6fd4f7"}]},
    {"description":
     "TOML parse errors propagate to the conversion result (never swallowed)",
     "artifacts":
     [{"path":
       "theorem:Qed.Proofs.TomlJsonValidity.parseDoc_error_implies_tomlToJson_error",
       "hash":
       "569c796b1dcf68d7673eb23735652a92cfab8daa4071795477f24caf4a42754e"}]},
    {"description":
     "TOML serializer→parser roundtrip: TOML-serialized specs produce the same JSON as the JSON serializer",
     "artifacts":
     [{"path":
       "theorem:Qed.Proofs.TomlRoundtrip.toml_spec_roundtrip",
       "hash":
       "f89b07561afb2462abd54248a0b21fbef61f20f122bb0b68097e7bca8475c323"}]},
    {"description":
     "TOML parser rejects duplicate keys at the leaf level",
     "artifacts":
     [{"path":
       "theorem:Qed.Proofs.TomlProperties.setNested_rejects_duplicate",
       "hash":
       "d9220915178f9e5eb34b85cb481a3368b27f2839cadbebf7a9f538f95a9c466c"}]}]},
  {"specPath":
   "./specs/verifier.spec.toml",
   "criteria":
   [{"description":
     "Every string quotes to exactly one shell word that decodes back to it",
     "artifacts":
     [{"path":
       "theorem:Qed.Proofs.ShellProperties.shellQuote_is_one_word",
       "hash":
       "3ccb576b0d50ddfffbf2fa383cd324507aba7c271a35c0442252c513e517c755"}]},
    {"description":
     "shellQuote of empty string produces the empty shell string ''",
     "artifacts":
     [{"path":
       "theorem:Qed.Proofs.ShellProperties.shellQuote_empty",
       "hash":
       "f35c6667e9a2e50a1e016bba3cf947da20526c8999c5dcfb7e9f9561572ba1d7"}]},
    {"description":
     "The command is always the trailing segment, never spliced into an export",
     "artifacts":
     [{"path":
       "theorem:Qed.Proofs.ShellProperties.buildShellCommand_command_last",
       "hash":
       "53db5a273692c96c8387a541178f8cb6241fd99dc406213a100f79bf8fdc268e"}]},
    {"description":
     "targetToModule returns the module prefix iff the target has at least two dot-separated parts",
     "artifacts":
     [{"path":
       "theorem:Qed.Proofs.VerifierProperties.targetToModule_iff",
       "hash":
       "cbf016d1c17127ba823c4c4c68c79b4605a00a6bfba55901683244dadcd19903"}]},
    {"description":
     "isValidModuleName accepts only names with non-empty, identifier-char-only segments (shell-safe)",
     "artifacts":
     [{"path":
       "theorem:Qed.Proofs.VerifierProperties.isValidModuleName_iff",
       "hash":
       "27fc537b27e743c450462454278795556379a415f174d6db438e427a3f6bbcd8"}]},
    {"description":
     "containsSorry detects exactly standalone sorry occurrences — no false positives or negatives",
     "artifacts":
     [{"path":
       "theorem:Qed.Proofs.VerifierProperties.containsSorry_iff",
       "hash":
       "a6c81108adb8be6b4c4955d8169b72382d42c6ccd8caf3d738be27cb01db5a5f"}]}]},
  {"specPath":
   "./specs/verify-mode.spec.toml",
   "criteria":
   [{"description":
     "SpecMode has exactly two constructors: workerLoop and verify",
     "artifacts":
     [{"path":
       "Qed/Types.lean",
       "hash":
       "e8143e608c9915937ee1f6731ce797d78ce26bba731855ef5c6e5385babfb528"}]},
    {"description":
     "JSON Schema enforces at least one criterion when no worker is present",
     "artifacts":
     [{"path":
       "DocGen/Schema.lean",
       "hash":
       "f9d2e7361778634df9b308ff9f93aa575b39a35881b5f30a1c204b77785d06b6"}]},
    {"description":
     "Verify mode cannot carry a WorkerConfig or LoopConfig",
     "artifacts":
     [{"path":
       "theorem:Qed.Proofs.VerifyMode.verify_has_no_worker",
       "hash":
       "ea23c3f71f1f60e6edd03613353363b7a9ceff41b2970e37f56b8da5d90bcf82"}]}]},
  {"specPath":
   "./specs/worker-loop.spec.toml",
   "criteria":
   [{"description":
     "Worker loop drives StateMachine.transition exclusively (step = transition)",
     "artifacts":
     [{"path":
       "theorem:Qed.Proofs.WorkerLoopProperties.step_eq_transition",
       "hash":
       "4db362719b25c331c68c431bb717b93cac40eef6f4e5003214d457da2144c1eb"}]},
    {"description":
     "Empty failures produce the base prompt unchanged",
     "artifacts":
     [{"path":
       "theorem:Qed.Proofs.WorkerLoopProperties.buildPrompt_empty_failures",
       "hash":
       "7426b494e8c17737d5b296cf633db64dc51a48cac055d9b76a720eb5bec19a80"}]},
    {"description":
     "Non-empty failures extend (not replace) the base prompt",
     "artifacts":
     [{"path":
       "theorem:Qed.Proofs.WorkerLoopProperties.buildPrompt_nonempty_appends",
       "hash":
       "58029784262fce5d4a6120b229e936f327f0228adecc1b5cf8afd03faacebc7f"}]}]},
  {"specPath":
   "./specs/docs.spec.toml",
   "criteria":
   [{"description":
     "JSON Schema is fresh (generated output matches committed file)",
     "artifacts":
     [{"path":
       "DocGen/Main.lean",
       "hash":
       "2c050de7c8ecb7c9cc7158e3a8cd57d4e6dd2043fda2cca889224a1142942451"},
      {"path":
       "DocGen/Markdown.lean",
       "hash":
       "95a489dd8b07cbd5bd4979d7a9460ab0041e48ae575bad1fd0dacfea20c4a1bb"},
      {"path":
       "DocGen/Schema.lean",
       "hash":
       "f9d2e7361778634df9b308ff9f93aa575b39a35881b5f30a1c204b77785d06b6"}]},
    {"description":
     "Spec format reference is fresh (generated output matches committed file)",
     "artifacts":
     [{"path":
       "DocGen/Main.lean",
       "hash":
       "2c050de7c8ecb7c9cc7158e3a8cd57d4e6dd2043fda2cca889224a1142942451"},
      {"path":
       "DocGen/Markdown.lean",
       "hash":
       "95a489dd8b07cbd5bd4979d7a9460ab0041e48ae575bad1fd0dacfea20c4a1bb"},
      {"path":
       "DocGen/Schema.lean",
       "hash":
       "f9d2e7361778634df9b308ff9f93aa575b39a35881b5f30a1c204b77785d06b6"}]}]}]}
